// !$*UTF8*$!
{
	archiveVersion = 1;
	classes = {
	};
	objectVersion = 42;
	objects = {

/* Begin PBXBuildFile section */
		6880A7C109945F9300AC6483 /* ADfile.icns in Resources */ = {isa = PBXBuildFile; fileRef = 6880A7C009945F9300AC6483 /* ADfile.icns */; };
		6880A7C609945F9C00AC6483 /* AppUtils.m in Sources */ = {isa = PBXBuildFile; fileRef = 6880A7C409945F9C00AC6483 /* AppUtils.m */; };
		6880A7C709945F9C00AC6483 /* AppController.m in Sources */ = {isa = PBXBuildFile; fileRef = 6880A7C509945F9C00AC6483 /* AppController.m */; };
		6880A7D409945FAE00AC6483 /* GlossaryDatasetFind.m in Sources */ = {isa = PBXBuildFile; fileRef = 6880A7CA09945FAE00AC6483 /* GlossaryDatasetFind.m */; };
		6880A7D509945FAE00AC6483 /* GlossaryDatasetSort.m in Sources */ = {isa = PBXBuildFile; fileRef = 6880A7CB09945FAE00AC6483 /* GlossaryDatasetSort.m */; };
		6880A7D609945FAE00AC6483 /* GlossaryDatasetOutput.m in Sources */ = {isa = PBXBuildFile; fileRef = 6880A7CD09945FAE00AC6483 /* GlossaryDatasetOutput.m */; };
		6880A7D709945FAE00AC6483 /* FindController.m in Sources */ = {isa = PBXBuildFile; fileRef = 6880A7CF09945FAE00AC6483 /* FindController.m */; };
		6880A7D809945FAE00AC6483 /* GlossaryParser.m in Sources */ = {isa = PBXBuildFile; fileRef = 6880A7D109945FAE00AC6483 /* GlossaryParser.m */; };
		6880A7D909945FAE00AC6483 /* GlossaryDataset.m in Sources */ = {isa = PBXBuildFile; fileRef = 6880A7D209945FAE00AC6483 /* GlossaryDataset.m */; };
		6880A7DA09945FAE00AC6483 /* ExpatWrapper.m in Sources */ = {isa = PBXBuildFile; fileRef = 6880A7D309945FAE00AC6483 /* ExpatWrapper.m */; };
		6880A7DD09945FB800AC6483 /* LGfile.icns in Resources */ = {isa = PBXBuildFile; fileRef = 6880A7DB09945FB800AC6483 /* LGfile.icns */; };
		6880A7E509945FCA00AC6483 /* MainWindowControllerForTableView.m in Sources */ = {isa = PBXBuildFile; fileRef = 6880A7E009945FCA00AC6483 /* MainWindowControllerForTableView.m */; };
		6880A7E609945FCA00AC6483 /* MainWindowControllerForTranslation.m in Sources */ = {isa = PBXBuildFile; fileRef = 6880A7E109945FCA00AC6483 /* MainWindowControllerForTranslation.m */; };
		6880A7E709945FCA00AC6483 /* MainWindowController.m in Sources */ = {isa = PBXBuildFile; fileRef = 6880A7E209945FCA00AC6483 /* MainWindowController.m */; };
		6880A7E809945FCA00AC6483 /* MainWindowControllerForPrinting.m in Sources */ = {isa = PBXBuildFile; fileRef = 6880A7E309945FCA00AC6483 /* MainWindowControllerForPrinting.m */; };
		6880A7E909945FCA00AC6483 /* MainWindowControllerForFinding.m in Sources */ = {isa = PBXBuildFile; fileRef = 6880A7E409945FCA00AC6483 /* MainWindowControllerForFinding.m */; };
		6880A7EC09945FD700AC6483 /* PrefsController.m in Sources */ = {isa = PBXBuildFile; fileRef = 6880A7EA09945FD700AC6483 /* PrefsController.m */; };
		6880A7EE09945FE000AC6483 /* Printing.css in Resources */ = {isa = PBXBuildFile; fileRef = 6880A7ED09945FE000AC6483 /* Printing.css */; };
		6880A7F009945FE600AC6483 /* Trunks.icns in Resources */ = {isa = PBXBuildFile; fileRef = 6880A7EF09945FE600AC6483 /* Trunks.icns */; };
		6880A7F609945FF400AC6483 /* WGfile.icns in Resources */ = {isa = PBXBuildFile; fileRef = 6880A7F509945FF400AC6483 /* WGfile.icns */; };
		6880A98F099463EC00AC6483 /* Credits.rtf in Resources */ = {isa = PBXBuildFile; fileRef = 6880A98E099463EC00AC6483 /* Credits.rtf */; };
		6880A9930994641800AC6483 /* Preferences.nib in Resources */ = {isa = PBXBuildFile; fileRef = 6880A9910994641800AC6483 /* Preferences.nib */; };
		6880A99E0994642300AC6483 /* FindPanel.nib in Resources */ = {isa = PBXBuildFile; fileRef = 6880A99C0994642300AC6483 /* FindPanel.nib */; };
		6880A9A30994643600AC6483 /* Localizable.strings in Resources */ = {isa = PBXBuildFile; fileRef = 6880A9A10994643600AC6483 /* Localizable.strings */; };
		6880A9ED0994651400AC6483 /* WebKit.framework in Frameworks */ = {isa = PBXBuildFile; fileRef = 6880A827099462D100AC6483 /* WebKit.framework */; };
		68B2457D099DCED300322ADC /* AppleGlotController.m in Sources */ = {isa = PBXBuildFile; fileRef = 68B2457C099DCED300322ADC /* AppleGlotController.m */; };
		68B24580099DCF9300322ADC /* AMShellWrapper.m in Sources */ = {isa = PBXBuildFile; fileRef = 68B2457F099DCF9300322ADC /* AMShellWrapper.m */; };
		68B24637099DE6A500322ADC /* AppleGlotConsole.nib in Resources */ = {isa = PBXBuildFile; fileRef = 68B24635099DE6A500322ADC /* AppleGlotConsole.nib */; };
		68B2476D099E03AB00322ADC /* UserDefaults.plist in Resources */ = {isa = PBXBuildFile; fileRef = 68B2476C099E03AB00322ADC /* UserDefaults.plist */; };
		8D15AC2D0486D014006FF6A4 /* MainMenu.nib in Resources */ = {isa = PBXBuildFile; fileRef = 2A37F4B6FDCFA73011CA2CEA /* MainMenu.nib */; };
		8D15AC2E0486D014006FF6A4 /* MyDocument.nib in Resources */ = {isa = PBXBuildFile; fileRef = 2A37F4B4FDCFA73011CA2CEA /* MyDocument.nib */; };
		8D15AC2F0486D014006FF6A4 /* InfoPlist.strings in Resources */ = {isa = PBXBuildFile; fileRef = 089C165FFE840EACC02AAC07 /* InfoPlist.strings */; };
		8D15AC310486D014006FF6A4 /* MyDocument.m in Sources */ = {isa = PBXBuildFile; fileRef = 2A37F4ACFDCFA73011CA2CEA /* MyDocument.m */; settings = {ATTRIBUTES = (); }; };
		8D15AC320486D014006FF6A4 /* main.m in Sources */ = {isa = PBXBuildFile; fileRef = 2A37F4B0FDCFA73011CA2CEA /* main.m */; settings = {ATTRIBUTES = (); }; };
		8D15AC340486D014006FF6A4 /* Cocoa.framework in Frameworks */ = {isa = PBXBuildFile; fileRef = 1058C7A7FEA54F5311CA2CBB /* Cocoa.framework */; };
/* End PBXBuildFile section */

/* Begin PBXBuildStyle section */
		4A9504D0FFE6A4CB11CA0CBA /* Debug */ = {
			isa = PBXBuildStyle;
			buildSettings = {
			};
			name = Debug;
		};
		4A9504D1FFE6A4CB11CA0CBA /* Release */ = {
			isa = PBXBuildStyle;
			buildSettings = {
			};
			name = Release;
		};
/* End PBXBuildStyle section */

/* Begin PBXFileReference section */
		089C1660FE840EACC02AAC07 /* English */ = {isa = PBXFileReference; fileEncoding = 10; lastKnownFileType = text.plist.strings; name = English; path = English.lproj/InfoPlist.strings; sourceTree = "<group>"; };
		1058C7A7FEA54F5311CA2CBB /* Cocoa.framework */ = {isa = PBXFileReference; lastKnownFileType = wrapper.framework; name = Cocoa.framework; path = /System/Library/Frameworks/Cocoa.framework; sourceTree = "<absolute>"; };
		2A37F4ACFDCFA73011CA2CEA /* MyDocument.m */ = {isa = PBXFileReference; fileEncoding = 4; lastKnownFileType = sourcecode.c.objc; path = MyDocument.m; sourceTree = "<group>"; };
		2A37F4AEFDCFA73011CA2CEA /* MyDocument.h */ = {isa = PBXFileReference; fileEncoding = 4; lastKnownFileType = sourcecode.c.h; path = MyDocument.h; sourceTree = "<group>"; };
		2A37F4B0FDCFA73011CA2CEA /* main.m */ = {isa = PBXFileReference; fileEncoding = 4; lastKnownFileType = sourcecode.c.objc; path = main.m; sourceTree = "<group>"; };
		2A37F4B5FDCFA73011CA2CEA /* English */ = {isa = PBXFileReference; lastKnownFileType = wrapper.nib; name = English; path = English.lproj/MyDocument.nib; sourceTree = "<group>"; };
		2A37F4B7FDCFA73011CA2CEA /* English */ = {isa = PBXFileReference; lastKnownFileType = wrapper.nib; name = English; path = English.lproj/MainMenu.nib; sourceTree = "<group>"; };
		2A37F4C4FDCFA73011CA2CEA /* AppKit.framework */ = {isa = PBXFileReference; lastKnownFileType = wrapper.framework; name = AppKit.framework; path = /System/Library/Frameworks/AppKit.framework; sourceTree = "<absolute>"; };
		2A37F4C5FDCFA73011CA2CEA /* Foundation.framework */ = {isa = PBXFileReference; lastKnownFileType = wrapper.framework; name = Foundation.framework; path = /System/Library/Frameworks/Foundation.framework; sourceTree = "<absolute>"; };
		32DBCF750370BD2300C91783 /* Trunks_Prefix.pch */ = {isa = PBXFileReference; fileEncoding = 4; lastKnownFileType = sourcecode.c.h; path = Trunks_Prefix.pch; sourceTree = "<group>"; };
		6880A7C009945F9300AC6483 /* ADfile.icns */ = {isa = PBXFileReference; lastKnownFileType = image.icns; path = ADfile.icns; sourceTree = "<group>"; };
		6880A7C209945F9C00AC6483 /* AppUtils.h */ = {isa = PBXFileReference; fileEncoding = 4; lastKnownFileType = sourcecode.c.h; path = AppUtils.h; sourceTree = "<group>"; };
		6880A7C309945F9C00AC6483 /* AppController.h */ = {isa = PBXFileReference; fileEncoding = 4; lastKnownFileType = sourcecode.c.h; path = AppController.h; sourceTree = "<group>"; };
		6880A7C409945F9C00AC6483 /* AppUtils.m */ = {isa = PBXFileReference; fileEncoding = 4; lastKnownFileType = sourcecode.c.objc; path = AppUtils.m; sourceTree = "<group>"; };
		6880A7C509945F9C00AC6483 /* AppController.m */ = {isa = PBXFileReference; fileEncoding = 4; lastKnownFileType = sourcecode.c.objc; path = AppController.m; sourceTree = "<group>"; };
		6880A7C909945FAE00AC6483 /* FindController.h */ = {isa = PBXFileReference; fileEncoding = 4; lastKnownFileType = sourcecode.c.h; path = FindController.h; sourceTree = "<group>"; };
		6880A7CA09945FAE00AC6483 /* GlossaryDatasetFind.m */ = {isa = PBXFileReference; fileEncoding = 4; lastKnownFileType = sourcecode.c.objc; path = GlossaryDatasetFind.m; sourceTree = "<group>"; };
		6880A7CB09945FAE00AC6483 /* GlossaryDatasetSort.m */ = {isa = PBXFileReference; fileEncoding = 4; lastKnownFileType = sourcecode.c.objc; path = GlossaryDatasetSort.m; sourceTree = "<group>"; };
		6880A7CC09945FAE00AC6483 /* GlossaryParser.h */ = {isa = PBXFileReference; fileEncoding = 4; lastKnownFileType = sourcecode.c.h; path = GlossaryParser.h; sourceTree = "<group>"; };
		6880A7CD09945FAE00AC6483 /* GlossaryDatasetOutput.m */ = {isa = PBXFileReference; fileEncoding = 4; lastKnownFileType = sourcecode.c.objc; path = GlossaryDatasetOutput.m; sourceTree = "<group>"; };
		6880A7CE09945FAE00AC6483 /* ExpatWrapper.h */ = {isa = PBXFileReference; fileEncoding = 4; lastKnownFileType = sourcecode.c.h; path = ExpatWrapper.h; sourceTree = "<group>"; };
		6880A7CF09945FAE00AC6483 /* FindController.m */ = {isa = PBXFileReference; fileEncoding = 4; lastKnownFileType = sourcecode.c.objc; path = FindController.m; sourceTree = "<group>"; };
		6880A7D009945FAE00AC6483 /* GlossaryDataset.h */ = {isa = PBXFileReference; fileEncoding = 4; lastKnownFileType = sourcecode.c.h; path = GlossaryDataset.h; sourceTree = "<group>"; };
		6880A7D109945FAE00AC6483 /* GlossaryParser.m */ = {isa = PBXFileReference; fileEncoding = 4; lastKnownFileType = sourcecode.c.objc; path = GlossaryParser.m; sourceTree = "<group>"; };
		6880A7D209945FAE00AC6483 /* GlossaryDataset.m */ = {isa = PBXFileReference; fileEncoding = 4; lastKnownFileType = sourcecode.c.objc; path = GlossaryDataset.m; sourceTree = "<group>"; };
		6880A7D309945FAE00AC6483 /* ExpatWrapper.m */ = {isa = PBXFileReference; fileEncoding = 4; lastKnownFileType = sourcecode.c.objc; path = ExpatWrapper.m; sourceTree = "<group>"; };
		6880A7DB09945FB800AC6483 /* LGfile.icns */ = {isa = PBXFileReference; lastKnownFileType = image.icns; path = LGfile.icns; sourceTree = "<group>"; };
		6880A7DF09945FCA00AC6483 /* MainWindowController.h */ = {isa = PBXFileReference; fileEncoding = 4; lastKnownFileType = sourcecode.c.h; path = MainWindowController.h; sourceTree = "<group>"; };
		6880A7E009945FCA00AC6483 /* MainWindowControllerForTableView.m */ = {isa = PBXFileReference; fileEncoding = 4; lastKnownFileType = sourcecode.c.objc; path = MainWindowControllerForTableView.m; sourceTree = "<group>"; };
		6880A7E109945FCA00AC6483 /* MainWindowControllerForTranslation.m */ = {isa = PBXFileReference; fileEncoding = 4; lastKnownFileType = sourcecode.c.objc; path = MainWindowControllerForTranslation.m; sourceTree = "<group>"; };
		6880A7E209945FCA00AC6483 /* MainWindowController.m */ = {isa = PBXFileReference; fileEncoding = 4; lastKnownFileType = sourcecode.c.objc; path = MainWindowController.m; sourceTree = "<group>"; };
		6880A7E309945FCA00AC6483 /* MainWindowControllerForPrinting.m */ = {isa = PBXFileReference; fileEncoding = 4; lastKnownFileType = sourcecode.c.objc; path = MainWindowControllerForPrinting.m; sourceTree = "<group>"; };
		6880A7E409945FCA00AC6483 /* MainWindowControllerForFinding.m */ = {isa = PBXFileReference; fileEncoding = 4; lastKnownFileType = sourcecode.c.objc; path = MainWindowControllerForFinding.m; sourceTree = "<group>"; };
		6880A7EA09945FD700AC6483 /* PrefsController.m */ = {isa = PBXFileReference; fileEncoding = 4; lastKnownFileType = sourcecode.c.objc; path = PrefsController.m; sourceTree = "<group>"; };
		6880A7EB09945FD700AC6483 /* PrefsController.h */ = {isa = PBXFileReference; fileEncoding = 4; lastKnownFileType = sourcecode.c.h; path = PrefsController.h; sourceTree = "<group>"; };
		6880A7ED09945FE000AC6483 /* Printing.css */ = {isa = PBXFileReference; fileEncoding = 4; lastKnownFileType = text; path = Printing.css; sourceTree = "<group>"; };
		6880A7EF09945FE600AC6483 /* Trunks.icns */ = {isa = PBXFileReference; lastKnownFileType = image.icns; path = Trunks.icns; sourceTree = "<group>"; };
		6880A7F109945FED00AC6483 /* TrunksMenuItemTag.h */ = {isa = PBXFileReference; fileEncoding = 4; lastKnownFileType = sourcecode.c.h; path = TrunksMenuItemTag.h; sourceTree = "<group>"; };
		6880A7F509945FF400AC6483 /* WGfile.icns */ = {isa = PBXFileReference; lastKnownFileType = image.icns; path = WGfile.icns; sourceTree = "<group>"; };
		6880A827099462D100AC6483 /* WebKit.framework */ = {isa = PBXFileReference; lastKnownFileType = wrapper.framework; name = WebKit.framework; path = /System/Library/Frameworks/WebKit.framework; sourceTree = "<absolute>"; };
		6880A98E099463EC00AC6483 /* Credits.rtf */ = {isa = PBXFileReference; lastKnownFileType = text.rtf; path = Credits.rtf; sourceTree = "<group>"; };
		6880A9920994641800AC6483 /* English */ = {isa = PBXFileReference; lastKnownFileType = wrapper.nib; name = English; path = English.lproj/Preferences.nib; sourceTree = "<group>"; };
		6880A99D0994642300AC6483 /* English */ = {isa = PBXFileReference; lastKnownFileType = wrapper.nib; name = English; path = English.lproj/FindPanel.nib; sourceTree = "<group>"; };
		6880A9A20994643600AC6483 /* English */ = {isa = PBXFileReference; fileEncoding = 10; lastKnownFileType = text.plist.strings; name = English; path = English.lproj/Localizable.strings; sourceTree = "<group>"; };
		68B2457B099DCED300322ADC /* AppleGlotController.h */ = {isa = PBXFileReference; fileEncoding = 4; lastKnownFileType = sourcecode.c.h; path = AppleGlotController.h; sourceTree = "<group>"; };
		68B2457C099DCED300322ADC /* AppleGlotController.m */ = {isa = PBXFileReference; fileEncoding = 4; lastKnownFileType = sourcecode.c.objc; path = AppleGlotController.m; sourceTree = "<group>"; };
		68B2457E099DCF9300322ADC /* AMShellWrapper.h */ = {isa = PBXFileReference; fileEncoding = 4; lastKnownFileType = sourcecode.c.h; path = AMShellWrapper.h; sourceTree = "<group>"; };
		68B2457F099DCF9300322ADC /* AMShellWrapper.m */ = {isa = PBXFileReference; fileEncoding = 4; lastKnownFileType = sourcecode.c.objc; path = AMShellWrapper.m; sourceTree = "<group>"; };
		68B24636099DE6A500322ADC /* English */ = {isa = PBXFileReference; lastKnownFileType = wrapper.nib; name = English; path = English.lproj/AppleGlotConsole.nib; sourceTree = "<group>"; };
		68B2476C099E03AB00322ADC /* UserDefaults.plist */ = {isa = PBXFileReference; fileEncoding = 4; lastKnownFileType = text.script.sh; path = UserDefaults.plist; sourceTree = "<group>"; };
		8D15AC360486D014006FF6A4 /* Info.plist */ = {isa = PBXFileReference; fileEncoding = 4; lastKnownFileType = text.plist; path = Info.plist; sourceTree = "<group>"; };
		8D15AC370486D014006FF6A4 /* Trunks.app */ = {isa = PBXFileReference; explicitFileType = wrapper.application; includeInIndex = 0; path = Trunks.app; sourceTree = BUILT_PRODUCTS_DIR; };
/* End PBXFileReference section */

/* Begin PBXFrameworksBuildPhase section */
		8D15AC330486D014006FF6A4 /* Frameworks */ = {
			isa = PBXFrameworksBuildPhase;
			buildActionMask = 2147483647;
			files = (
				8D15AC340486D014006FF6A4 /* Cocoa.framework in Frameworks */,
				6880A9ED0994651400AC6483 /* WebKit.framework in Frameworks */,
			);
			runOnlyForDeploymentPostprocessing = 0;
		};
/* End PBXFrameworksBuildPhase section */

/* Begin PBXGroup section */
		1058C7A6FEA54F5311CA2CBB /* Linked Frameworks */ = {
			isa = PBXGroup;
			children = (
				6880A827099462D100AC6483 /* WebKit.framework */,
				1058C7A7FEA54F5311CA2CBB /* Cocoa.framework */,
			);
			name = "Linked Frameworks";
			sourceTree = "<group>";
		};
		1058C7A8FEA54F5311CA2CBB /* Other Frameworks */ = {
			isa = PBXGroup;
			children = (
				2A37F4C4FDCFA73011CA2CEA /* AppKit.framework */,
				2A37F4C5FDCFA73011CA2CEA /* Foundation.framework */,
			);
			name = "Other Frameworks";
			sourceTree = "<group>";
		};
		19C28FB0FE9D524F11CA2CBB /* Products */ = {
			isa = PBXGroup;
			children = (
				8D15AC370486D014006FF6A4 /* Trunks.app */,
			);
			name = Products;
			sourceTree = "<group>";
		};
		2A37F4AAFDCFA73011CA2CEA /* Trunks */ = {
			isa = PBXGroup;
			children = (
				2A37F4ABFDCFA73011CA2CEA /* Classes */,
				2A37F4AFFDCFA73011CA2CEA /* Other Sources */,
				2A37F4B8FDCFA73011CA2CEA /* Resources */,
				2A37F4C3FDCFA73011CA2CEA /* Frameworks */,
				19C28FB0FE9D524F11CA2CBB /* Products */,
			);
			name = Trunks;
			sourceTree = "<group>";
		};
		2A37F4ABFDCFA73011CA2CEA /* Classes */ = {
			isa = PBXGroup;
			children = (
				6880A7C309945F9C00AC6483 /* AppController.h */,
				6880A7C509945F9C00AC6483 /* AppController.m */,
				6880A7C209945F9C00AC6483 /* AppUtils.h */,
				6880A7C409945F9C00AC6483 /* AppUtils.m */,
				2A37F4AEFDCFA73011CA2CEA /* MyDocument.h */,
				2A37F4ACFDCFA73011CA2CEA /* MyDocument.m */,
				6880A7DF09945FCA00AC6483 /* MainWindowController.h */,
				6880A7E209945FCA00AC6483 /* MainWindowController.m */,
				6880A7E009945FCA00AC6483 /* MainWindowControllerForTableView.m */,
				6880A7E109945FCA00AC6483 /* MainWindowControllerForTranslation.m */,
				6880A7E309945FCA00AC6483 /* MainWindowControllerForPrinting.m */,
				6880A7E409945FCA00AC6483 /* MainWindowControllerForFinding.m */,
				6880A7F109945FED00AC6483 /* TrunksMenuItemTag.h */,
				6880A7CE09945FAE00AC6483 /* ExpatWrapper.h */,
				6880A7D309945FAE00AC6483 /* ExpatWrapper.m */,
				6880A7D009945FAE00AC6483 /* GlossaryDataset.h */,
				6880A7D209945FAE00AC6483 /* GlossaryDataset.m */,
				6880A7CA09945FAE00AC6483 /* GlossaryDatasetFind.m */,
				6880A7CB09945FAE00AC6483 /* GlossaryDatasetSort.m */,
				6880A7CD09945FAE00AC6483 /* GlossaryDatasetOutput.m */,
				6880A7CC09945FAE00AC6483 /* GlossaryParser.h */,
				6880A7D109945FAE00AC6483 /* GlossaryParser.m */,
				6880A7C909945FAE00AC6483 /* FindController.h */,
				6880A7CF09945FAE00AC6483 /* FindController.m */,
				6880A7EB09945FD700AC6483 /* PrefsController.h */,
				6880A7EA09945FD700AC6483 /* PrefsController.m */,
				68B2457B099DCED300322ADC /* AppleGlotController.h */,
				68B2457C099DCED300322ADC /* AppleGlotController.m */,
				68B2457E099DCF9300322ADC /* AMShellWrapper.h */,
				68B2457F099DCF9300322ADC /* AMShellWrapper.m */,
			);
			name = Classes;
			sourceTree = "<group>";
		};
		2A37F4AFFDCFA73011CA2CEA /* Other Sources */ = {
			isa = PBXGroup;
			children = (
				32DBCF750370BD2300C91783 /* Trunks_Prefix.pch */,
				2A37F4B0FDCFA73011CA2CEA /* main.m */,
			);
			name = "Other Sources";
			sourceTree = "<group>";
		};
		2A37F4B8FDCFA73011CA2CEA /* Resources */ = {
			isa = PBXGroup;
			children = (
				2A37F4B6FDCFA73011CA2CEA /* MainMenu.nib */,
				2A37F4B4FDCFA73011CA2CEA /* MyDocument.nib */,
				6880A9910994641800AC6483 /* Preferences.nib */,
				6880A99C0994642300AC6483 /* FindPanel.nib */,
				68B24635099DE6A500322ADC /* AppleGlotConsole.nib */,
				8D15AC360486D014006FF6A4 /* Info.plist */,
				089C165FFE840EACC02AAC07 /* InfoPlist.strings */,
				6880A9A10994643600AC6483 /* Localizable.strings */,
				6880A98E099463EC00AC6483 /* Credits.rtf */,
				6880A7ED09945FE000AC6483 /* Printing.css */,
				68B2476C099E03AB00322ADC /* UserDefaults.plist */,
				6880A7EF09945FE600AC6483 /* Trunks.icns */,
				6880A7C009945F9300AC6483 /* ADfile.icns */,
				6880A7DB09945FB800AC6483 /* LGfile.icns */,
				6880A7F509945FF400AC6483 /* WGfile.icns */,
			);
			name = Resources;
			sourceTree = "<group>";
		};
		2A37F4C3FDCFA73011CA2CEA /* Frameworks */ = {
			isa = PBXGroup;
			children = (
				1058C7A6FEA54F5311CA2CBB /* Linked Frameworks */,
				1058C7A8FEA54F5311CA2CBB /* Other Frameworks */,
			);
			name = Frameworks;
			sourceTree = "<group>";
		};
/* End PBXGroup section */

/* Begin PBXNativeTarget section */
		8D15AC270486D014006FF6A4 /* Trunks */ = {
			isa = PBXNativeTarget;
			buildConfigurationList = C05733C708A9546B00998B17 /* Build configuration list for PBXNativeTarget "Trunks" */;
			buildPhases = (
				8D15AC2B0486D014006FF6A4 /* Resources */,
				8D15AC300486D014006FF6A4 /* Sources */,
				8D15AC330486D014006FF6A4 /* Frameworks */,
			);
			buildRules = (
			);
			buildSettings = {
			};
			dependencies = (
			);
			name = Trunks;
			productInstallPath = "$(HOME)/Applications";
			productName = Trunks;
			productReference = 8D15AC370486D014006FF6A4 /* Trunks.app */;
			productType = "com.apple.product-type.application";
		};
/* End PBXNativeTarget section */

/* Begin PBXProject section */
		2A37F4A9FDCFA73011CA2CEA /* Project object */ = {
			isa = PBXProject;
			buildConfigurationList = C05733CB08A9546B00998B17 /* Build configuration list for PBXProject "Trunks" */;
			buildSettings = {
			};
			buildStyles = (
				4A9504D0FFE6A4CB11CA0CBA /* Debug */,
				4A9504D1FFE6A4CB11CA0CBA /* Release */,
			);
			hasScannedForEncodings = 1;
			mainGroup = 2A37F4AAFDCFA73011CA2CEA /* Trunks */;
			projectDirPath = "";
			targets = (
				8D15AC270486D014006FF6A4 /* Trunks */,
			);
		};
/* End PBXProject section */

/* Begin PBXResourcesBuildPhase section */
		8D15AC2B0486D014006FF6A4 /* Resources */ = {
			isa = PBXResourcesBuildPhase;
			buildActionMask = 2147483647;
			files = (
				8D15AC2D0486D014006FF6A4 /* MainMenu.nib in Resources */,
				8D15AC2E0486D014006FF6A4 /* MyDocument.nib in Resources */,
				8D15AC2F0486D014006FF6A4 /* InfoPlist.strings in Resources */,
				6880A7C109945F9300AC6483 /* ADfile.icns in Resources */,
				6880A7DD09945FB800AC6483 /* LGfile.icns in Resources */,
				6880A7EE09945FE000AC6483 /* Printing.css in Resources */,
				6880A7F009945FE600AC6483 /* Trunks.icns in Resources */,
				6880A7F609945FF400AC6483 /* WGfile.icns in Resources */,
				6880A98F099463EC00AC6483 /* Credits.rtf in Resources */,
				6880A9930994641800AC6483 /* Preferences.nib in Resources */,
				6880A99E0994642300AC6483 /* FindPanel.nib in Resources */,
				6880A9A30994643600AC6483 /* Localizable.strings in Resources */,
				68B24637099DE6A500322ADC /* AppleGlotConsole.nib in Resources */,
				68B2476D099E03AB00322ADC /* UserDefaults.plist in Resources */,
			);
			runOnlyForDeploymentPostprocessing = 0;
		};
/* End PBXResourcesBuildPhase section */

/* Begin PBXSourcesBuildPhase section */
		8D15AC300486D014006FF6A4 /* Sources */ = {
			isa = PBXSourcesBuildPhase;
			buildActionMask = 2147483647;
			files = (
				8D15AC310486D014006FF6A4 /* MyDocument.m in Sources */,
				8D15AC320486D014006FF6A4 /* main.m in Sources */,
				6880A7C609945F9C00AC6483 /* AppUtils.m in Sources */,
				6880A7C709945F9C00AC6483 /* AppController.m in Sources */,
				6880A7D409945FAE00AC6483 /* GlossaryDatasetFind.m in Sources */,
				6880A7D509945FAE00AC6483 /* GlossaryDatasetSort.m in Sources */,
				6880A7D609945FAE00AC6483 /* GlossaryDatasetOutput.m in Sources */,
				6880A7D709945FAE00AC6483 /* FindController.m in Sources */,
				6880A7D809945FAE00AC6483 /* GlossaryParser.m in Sources */,
				6880A7D909945FAE00AC6483 /* GlossaryDataset.m in Sources */,
				6880A7DA09945FAE00AC6483 /* ExpatWrapper.m in Sources */,
				6880A7E509945FCA00AC6483 /* MainWindowControllerForTableView.m in Sources */,
				6880A7E609945FCA00AC6483 /* MainWindowControllerForTranslation.m in Sources */,
				6880A7E709945FCA00AC6483 /* MainWindowController.m in Sources */,
				6880A7E809945FCA00AC6483 /* MainWindowControllerForPrinting.m in Sources */,
				6880A7E909945FCA00AC6483 /* MainWindowControllerForFinding.m in Sources */,
				6880A7EC09945FD700AC6483 /* PrefsController.m in Sources */,
				68B2457D099DCED300322ADC /* AppleGlotController.m in Sources */,
				68B24580099DCF9300322ADC /* AMShellWrapper.m in Sources */,
			);
			runOnlyForDeploymentPostprocessing = 0;
		};
/* End PBXSourcesBuildPhase section */

/* Begin PBXVariantGroup section */
		089C165FFE840EACC02AAC07 /* InfoPlist.strings */ = {
			isa = PBXVariantGroup;
			children = (
				089C1660FE840EACC02AAC07 /* English */,
			);
			name = InfoPlist.strings;
			sourceTree = "<group>";
		};
		2A37F4B4FDCFA73011CA2CEA /* MyDocument.nib */ = {
			isa = PBXVariantGroup;
			children = (
				2A37F4B5FDCFA73011CA2CEA /* English */,
			);
			name = MyDocument.nib;
			sourceTree = "<group>";
		};
		2A37F4B6FDCFA73011CA2CEA /* MainMenu.nib */ = {
			isa = PBXVariantGroup;
			children = (
				2A37F4B7FDCFA73011CA2CEA /* English */,
			);
			name = MainMenu.nib;
			sourceTree = "<group>";
		};
		6880A9910994641800AC6483 /* Preferences.nib */ = {
			isa = PBXVariantGroup;
			children = (
				6880A9920994641800AC6483 /* English */,
			);
			name = Preferences.nib;
			sourceTree = "<group>";
		};
		6880A99C0994642300AC6483 /* FindPanel.nib */ = {
			isa = PBXVariantGroup;
			children = (
				6880A99D0994642300AC6483 /* English */,
			);
			name = FindPanel.nib;
			sourceTree = "<group>";
		};
		6880A9A10994643600AC6483 /* Localizable.strings */ = {
			isa = PBXVariantGroup;
			children = (
				6880A9A20994643600AC6483 /* English */,
			);
			name = Localizable.strings;
			sourceTree = "<group>";
		};
		68B24635099DE6A500322ADC /* AppleGlotConsole.nib */ = {
			isa = PBXVariantGroup;
			children = (
				68B24636099DE6A500322ADC /* English */,
			);
			name = AppleGlotConsole.nib;
			sourceTree = "<group>";
		};
/* End PBXVariantGroup section */

/* Begin XCBuildConfiguration section */
		C05733C808A9546B00998B17 /* Debug */ = {
			isa = XCBuildConfiguration;
			buildSettings = {
				COPY_PHASE_STRIP = NO;
				GCC_DYNAMIC_NO_PIC = NO;
				GCC_ENABLE_FIX_AND_CONTINUE = YES;
				GCC_MODEL_TUNING = G5;
				GCC_OPTIMIZATION_LEVEL = 0;
				HEADER_SEARCH_PATHS = /usr/local/include;
				INFOPLIST_FILE = Info.plist;
				INSTALL_PATH = "$(HOME)/Applications";
				LIBRARY_SEARCH_PATHS = /usr/local/lib;
				OTHER_LDFLAGS = "-lexpat";
				PRODUCT_NAME = Trunks;
				WRAPPER_EXTENSION = app;
				ZERO_LINK = NO;
			};
			name = Debug;
		};
		C05733C908A9546B00998B17 /* Release */ = {
			isa = XCBuildConfiguration;
			buildSettings = {
				ARCHS = (
					ppc,
					i386,
				);
				GCC_GENERATE_DEBUGGING_SYMBOLS = NO;
				GCC_MODEL_TUNING = G5;
				HEADER_SEARCH_PATHS = /usr/local/include;
				INFOPLIST_FILE = Info.plist;
				INSTALL_PATH = "$(HOME)/Applications";
				LIBRARY_SEARCH_PATHS = /usr/local/lib;
				OTHER_LDFLAGS = "-lexpat";
				PRODUCT_NAME = Trunks;
				WRAPPER_EXTENSION = app;
				ZERO_LINK = NO;
			};
			name = Release;
		};
		C05733CC08A9546B00998B17 /* Debug */ = {
			isa = XCBuildConfiguration;
			buildSettings = {
				GCC_WARN_ABOUT_RETURN_TYPE = YES;
				GCC_WARN_UNUSED_VARIABLE = YES;
				PREBINDING = NO;
				SDKROOT = /Developer/SDKs/MacOSX10.4u.sdk;
			};
			name = Debug;
		};
		C05733CD08A9546B00998B17 /* Release */ = {
			isa = XCBuildConfiguration;
			buildSettings = {
				ARCHS = (
					ppc,
					i386,
				);
				GCC_WARN_ABOUT_RETURN_TYPE = YES;
				GCC_WARN_UNUSED_VARIABLE = YES;
				PREBINDING = NO;
				SDKROOT = /Developer/SDKs/MacOSX10.4u.sdk;
			};
			name = Release;
		};
/* End XCBuildConfiguration section */

/* Begin XCConfigurationList section */
		C05733C708A9546B00998B17 /* Build configuration list for PBXNativeTarget "Trunks" */ = {
			isa = XCConfigurationList;
			buildConfigurations = (
				C05733C808A9546B00998B17 /* Debug */,
				C05733C908A9546B00998B17 /* Release */,
			);
			defaultConfigurationIsVisible = 0;
			defaultConfigurationName = Release;
		};
		C05733CB08A9546B00998B17 /* Build configuration list for PBXProject "Trunks" */ = {
			isa = XCConfigurationList;
			buildConfigurations = (
				C05733CC08A9546B00998B17 /* Debug */,
				C05733CD08A9546B00998B17 /* Release */,
			);
			defaultConfigurationIsVisible = 0;
			defaultConfigurationName = Release;
		};
/* End XCConfigurationList section */
	};
	rootObject = 2A37F4A9FDCFA73011CA2CEA /* Project object */;
}
